<?xml version="1.0" encoding="utf-8"?>
<Project ToolsVersion="4.0" xmlns="http://schemas.microsoft.com/developer/msbuild/2003">
  <ItemGroup>
    <Filter Include="�w�b�_�[ �t�@�C��">
      <UniqueIdentifier>{93995380-89BD-4b04-88EB-625FBE52EBFB}</UniqueIdentifier>
      <Extensions>h;hh;hpp;hxx;h++;hm;inl;inc;ipp;xsd</Extensions>
    </Filter>
    <Filter Include="Particle Shader">
      <UniqueIdentifier>{6F118F80-B874-47B7-A541-29D58DC09567}</UniqueIdentifier>
      <Extensions>hlsl;hlsli</Extensions>
    </Filter>
    <Filter Include="Ribbon Shader">
      <UniqueIdentifier>{EAF71F0C-F587-4FAE-8C98-B578E7AFD4E0}</UniqueIdentifier>
      <Extensions>hlsl;hlsli</Extensions>
    </Filter>
  </ItemGroup>
  <ItemGroup>
    <None Include=".editorconfig" />
    <None Include="Assets\Shader\Object3d\Particle\GpuParticleCommon.hlsli">
      <Filter>Particle Shader</Filter>
    </None>
    <None Include="Assets\Shader\Object3d\Particle\GpuParticleInitialize.CS.hlsl">
      <Filter>Particle Shader</Filter>
    </None>
    <None Include="Assets\Shader\Object3d\Particle\GpuParticleClearCounter.CS.hlsl">
      <Filter>Particle Shader</Filter>
    </None>
    <None Include="Assets\Shader\Object3d\Particle\GpuParticleUpdate.CS.hlsl">
      <Filter>Particle Shader</Filter>
    </None>
    <None Include="Assets\Shader\Object3d\Particle\GpuParticlePrepareEmit.CS.hlsl">
      <Filter>Particle Shader</Filter>
    </None>
    <None Include="Assets\Shader\Object3d\Particle\GpuParticleEmit.CS.hlsl">
      <Filter>Particle Shader</Filter>
    </None>
    <None Include="Assets\Shader\Object3d\Particle\GpuParticleBuildArgs.CS.hlsl">
      <Filter>Particle Shader</Filter>
    </None>
    <None Include="Assets\Shader\Object3d\Particle\GpuParticle.VS.hlsl">
      <Filter>Particle Shader</Filter>
    </None>
    <None Include="Assets\Shader\Object3d\RibbonEffect\Ribbon.VS.hlsl">
      <Filter>Ribbon Shader</Filter>
    </None>
    <None Include="Assets\Shader\Object3d\RibbonEffect\Ribbon.PS.hlsl">
      <Filter>Ribbon Shader</Filter>
    </None>
  </ItemGroup>
  <ItemGroup>
    <ClCompile Include="Application\.Core\Terminal.cpp" />
    <ClCompile Include="Application\GameObject\Enemy\EnemyBase.cpp" />
    <ClCompile Include="Application\GameObject\Enemy\EnemyManager.cpp" />
    <ClCompile Include="Application\GameObject\Enemy\EnemySpawner.cpp" />
    <ClCompile Include="Application\.SceneManager\SceneManager.cpp" />
    <ClCompile Include="Application\.SceneManager\SceneTransitionController.cpp" />
    <ClCompile Include="Application\.SceneManager\Scene\Game.cpp" />
    <ClCompile Include="Application\.SceneManager\Scene\Result.cpp" />
    <ClCompile Include="Application\.SceneManager\Scene\Title.cpp" />
    <ClCompile Include="Engine\Audio\AudioManager.cpp" />
    <ClCompile Include="Engine\Audio\Data\Audio.cpp" />
    <ClCompile Include="Engine\Audio\Data\AudioData.cpp" />
    <ClCompile Include="Engine\Core\Command\Command.cpp" />
    <ClCompile Include="Engine\Core\DeltaTime\DeltaTime.cpp" />
    <ClCompile Include="Engine\Core\DxDevice\DxDevice.cpp" />
    <ClCompile Include="Engine\Core\LeakChecker\D3DResourceLeakChecker.cpp" />
    <ClCompile Include="Engine\Core\TextureManager\TextureManager.cpp" />
    <ClCompile Include="Engine\Core\View\DSVManager.cpp" />
    <ClCompile Include="Engine\Core\View\RTVManager.cpp" />
    <ClCompile Include="Engine\Core\View\SRVManager.cpp" />
    <ClCompile Include="Engine\Core\View\ViewFunction.cpp" />
    <ClCompile Include="Engine\.Execution\Execution.cpp" />
    <ClCompile Include="Engine\Input\Device\GamePad.cpp" />
    <ClCompile Include="Engine\Input\Device\Keybord.cpp" />
    <ClCompile Include="Engine\Input\Device\Mouse.cpp" />
    <ClCompile Include="Engine\Input\InputManager.cpp" />
    <ClCompile Include="Engine\Math\Function\MathFunction.cpp" />
    <ClCompile Include="Engine\Math\Function\MatrixFunction.cpp" />
    <ClCompile Include="Engine\Math\Function\QuaternionFunction.cpp" />
    <ClCompile Include="Engine\Render\PSO\ComputePSORegistry.cpp" />
    <ClCompile Include="Engine\Render\PSO\PSOFactory.cpp" />
    <ClCompile Include="Engine\Render\PSO\PSORegistry.cpp" />
    <ClCompile Include="Engine\Render\PSO\ShaderReflector.cpp" />
    <ClCompile Include="Engine\Shader\RootSignatureManager.cpp" />
    <ClCompile Include="Engine\Render\Object\2d\Sprite\Sprite.cpp" />
    <ClCompile Include="Engine\Render\Object\2d\Triangle\Triangle.cpp" />
    <ClCompile Include="Engine\Render\Object\3d\Line\Line.cpp" />
    <ClCompile Include="Engine\Render\Screen\SwapChain.cpp" />
    <ClCompile Include="Engine\Render\Screen\WindowsAPI.cpp" />
    <ClCompile Include="Engine\Shader\ShaderManager.cpp" />
    <ClCompile Include="Engine\Utility\Camera\Camera.cpp" />
    <ClCompile Include="Engine\Utility\Camera\CameraManager.cpp" />
    <ClCompile Include="Engine\Utility\Camera\DebugCamera.cpp" />
    <ClCompile Include="Engine\Utility\Collider\ColliderManager.cpp" />
    <ClCompile Include="Engine\Utility\Collider\StaticBVH.cpp" />
    <ClCompile Include="Engine\Utility\Color\GamingColor.cpp" />
    <ClCompile Include="Engine\Utility\Easing\Easing.cpp" />
    <ClCompile Include="Engine\Utility\GameTimer\GameTimer.cpp" />
    <ClCompile Include="Engine\Utility\Logger\Logger.cpp" />
    <ClCompile Include="main.cpp" />
    <ClCompile Include="Engine\Utility\ResourceHelper\ResourceHelper.cpp" />
    <ClCompile Include="Application\.SceneManager\Scene\Test.cpp" />
    <ClCompile Include="Engine\Render\Object\2d\Sprite\SpriteManager.cpp" />
    <ClCompile Include="Externals\imgui\imgui.cpp" />
    <ClCompile Include="Externals\imgui\imgui_demo.cpp" />
    <ClCompile Include="Externals\imgui\imgui_draw.cpp" />
    <ClCompile Include="Externals\imgui\imgui_impl_dx12.cpp" />
    <ClCompile Include="Externals\imgui\imgui_impl_win32.cpp" />
    <ClCompile Include="Externals\imgui\imgui_tables.cpp" />
    <ClCompile Include="Externals\imgui\imgui_widgets.cpp" />
    <ClCompile Include="Externals\imgui\ImGuizmo.cpp" />
    <ClCompile Include="Engine\Render\ImGui\ImGuiManager.cpp" />
    <ClCompile Include="Engine\Render\Screen\RenderTexture.cpp" />
    <ClCompile Include="Engine\Render\Screen\RenderTargetManager.cpp" />
    <ClCompile Include="Engine\Render\Screen\GameViewCapture.cpp" />
    <ClCompile Include="Engine\Core\DepthStencilBuffer\DepthStencilBuffer.cpp" />
    <ClCompile Include="Engine\Render\Screen\ViewportScissor.cpp" />
    <ClCompile Include="Engine\Render\Object\3d\Line\DebugLineManager.cpp" />
    <ClCompile Include="Engine\Render\Object\3d\Model\InstancedModel.cpp" />
    <ClCompile Include="Application\GameObject\Player\Player.cpp" />
    <ClCompile Include="Application\GameObject\Player\PlayerAnimationController.cpp" />
    <ClCompile Include="Application\GameObject\Player\PlayerController.cpp" />
    <ClCompile Include="Application\GameObject\Player\PlayerMovement.cpp" />
    <ClCompile Include="Engine\Utility\Camera\TPS_Camera.cpp" />
    <ClCompile Include="Application\GameObject\Map\Map.cpp" />
    <ClCompile Include="Engine\Render\Object\3d\Model\Model.cpp" />
    <ClCompile Include="Engine\Render\Object\3d\Model\ModelManager.cpp" />
    <ClCompile Include="Engine\Render\Object\3d\Animation\AnimationFunction.cpp" />
    <ClCompile Include="Engine\Render\Object\3d\Animation\AnimationSet.cpp" />
    <ClCompile Include="Engine\Render\Object\3d\Animation\Animator.cpp" />
    <ClCompile Include="Engine\Render\Object\3d\Model\ModelSharedData.cpp" />
    <ClCompile Include="Engine\Render\Object\3d\Particle\CpuParticleEmitterRuntime.cpp" />
    <ClCompile Include="Engine\Render\Object\3d\Particle\CpuParticleSimulator.cpp" />
    <ClCompile Include="Engine\Render\Object\3d\Particle\GpuParticleEmitterRuntime.cpp" />
    <ClCompile Include="Engine\Render\Object\3d\Particle\ParticleEmitterDebugDrawer3d.cpp" />
    <ClCompile Include="Engine\Render\Object\3d\Particle\ParticleEmitterRuntimeFactory.cpp" />
    <ClCompile Include="Engine\Render\Object\3d\Particle\ParticleTrailHistory.cpp" />
    <ClCompile Include="Engine\Render\Object\3d\Particle\ParticleEffectAsset.cpp" />
    <ClCompile Include="Engine\Render\Object\3d\Particle\ParticleEffectInstance.cpp" />
    <ClCompile Include="Engine\Render\Object\3d\Particle\ParticleRenderer3d.cpp" />
    <ClCompile Include="Engine\Render\Object\3d\Particle\ParticleSystem3d.cpp" />
    <ClCompile Include="Engine\Render\Object\3d\PrimitiveEffect\CylinderEffectAsset.cpp" />
    <ClCompile Include="Engine\Render\Object\3d\PrimitiveEffect\CylinderEffectInstance.cpp" />
    <ClCompile Include="Engine\Render\Object\3d\PrimitiveEffect\CylinderEffectRenderer3d.cpp" />
    <ClCompile Include="Engine\Render\Object\3d\PrimitiveEffect\PrimitiveEffectSystem3d.cpp" />
    <ClCompile Include="Engine\Render\Object\3d\BeamEffect\BeamEffectAsset.cpp" />
    <ClCompile Include="Engine\Render\Object\3d\BeamEffect\BeamEffectInstance.cpp" />
    <ClCompile Include="Engine\Render\Object\3d\BeamEffect\BeamEffectSystem3d.cpp" />
    <ClCompile Include="Engine\Render\Object\3d\BeamEffect\BeamPointGenerator.cpp" />
    <ClCompile Include="Engine\Render\Object\3d\RibbonEffect\ManualRibbonPointSource.cpp" />
    <ClCompile Include="Engine\Render\Object\3d\RibbonEffect\RibbonEffectAsset.cpp" />
    <ClCompile Include="Engine\Render\Object\3d\RibbonEffect\RibbonEffectInstance.cpp" />
    <ClCompile Include="Engine\Render\Object\3d\RibbonEffect\RibbonEffectRenderer3d.cpp" />
    <ClCompile Include="Engine\Render\Object\3d\RibbonEffect\RibbonEffectSystem3d.cpp" />
    <ClCompile Include="Engine\Render\Object\3d\RibbonEffect\TrailPointSource.cpp" />
    <ClCompile Include="Engine\Render\Object\3d\EffectSequence\EffectSequenceAsset.cpp" />
    <ClCompile Include="Engine\Render\Object\3d\EffectSequence\EffectSequenceInstance.cpp" />
    <ClCompile Include="Engine\Render\Object\3d\EffectSequence\EffectSequenceNodeDispatcher.cpp" />
    <ClCompile Include="Engine\Render\Object\3d\EffectSequence\EffectSequenceSystem.cpp" />
    <ClCompile Include="Engine\Render\PostEffect\PostEffectPass.cpp" />
    <ClCompile Include="Engine\Render\PostEffectManager.cpp" />
    <ClCompile Include="Engine\Render\PostEffect\PostEffectDefinitionRegistry.cpp" />
    <ClCompile Include="Engine\Render\Shadow\ShadowMap.cpp" />
    <ClCompile Include="Engine\Utility\Json\Data\ConfigManager.cpp" />
    <ClCompile Include="Engine\Utility\Json\Core\JsonFile.cpp" />
    <ClCompile Include="Engine\Utility\Json\Core\JsonSerializer.cpp" />
    <ClCompile Include="Engine\Utility\Light\LightManager.cpp" />
    <ClCompile Include="Application\GameObject\Map\MapBlock.cpp" />
    <ClCompile Include="Application\GameObject\Map\EventObject\BossSpawner\BossSpawner.cpp" />
    <ClCompile Include="Application\GameObject\Map\EventObject\Jar\Jar.cpp" />
    <ClCompile Include="Application\GameObject\Map\EventObject\MapEventObjectBase.cpp" />
    <ClCompile Include="Application\GameObject\Map\EventObject\Chest\Chest.cpp" />
    <ClCompile Include="Application\GameObject\Map\EventObject\Karma\Karma.cpp" />
    <ClCompile Include="Engine\Render\ImGui\Editor\AudioEditor.cpp" />
    <ClCompile Include="Engine\Render\ImGui\Editor\BeamEditor.cpp" />
    <ClCompile Include="Engine\Render\ImGui\Editor\CameraManagerEditor.cpp" />
    <ClCompile Include="Engine\Render\ImGui\Editor\CylinderEditor.cpp" />
    <ClCompile Include="Engine\Render\ImGui\Editor\EffectSequenceEditor.cpp" />
    <ClCompile Include="Engine\Render\ImGui\Editor\RibbonEditor.cpp" />
    <ClCompile Include="Engine\Render\ImGui\Editor\LightEditor.cpp" />
    <ClCompile Include="Engine\Render\ImGui\Editor\LoggerEditor.cpp" />
    <ClCompile Include="Engine\Render\ImGui\Editor\ModelEditor.cpp" />
    <ClCompile Include="Engine\Render\ImGui\Editor\ParticleEditor.cpp" />
    <ClCompile Include="Engine\Render\ImGui\Editor\PostEffectEditor.cpp" />
    <ClCompile Include="Engine\Render\ImGui\Editor\GuizmoEditor.cpp" />
    <ClCompile Include="Engine\Render\ImGui\Editor\SpriteEditor.cpp" />
    <ClCompile Include="Engine\Render\ImGui\Editor\TextureSelector.cpp" />
    <ClCompile Include="Engine\Render\ImGui\Editor\History\EditorHistory.cpp" />
    <ClCompile Include="Engine\Render\ImGui\Editor\History\ModelTransformCommand.cpp" />
    <ClCompile Include="Engine\Render\ImGui\Editor\TextEditorUI.cpp" />
    <ClCompile Include="Engine\Render\Object\2d\Text\Text.cpp" />
    <ClCompile Include="Engine\Render\Object\2d\Text\TextManager.cpp" />
    <ClCompile Include="Engine\Render\Object\2d\Text\TextTextureGenerator.cpp" />
    <ClCompile Include="Engine\Render\Object\2d\Gauge\Gauge.cpp" />
    <ClCompile Include="Engine\Render\Object\3d\Gauge\Gauge3d.cpp" />
    <ClCompile Include="Application\UI\Game\Player\PlayerExpGauge.cpp" />
    <ClCompile Include="Application\UI\Game\Player\PlayerHealthGauge.cpp" />
    <ClCompile Include="Application\UI\Game\Player\PlayerStaminaGauge.cpp" />
    <ClCompile Include="Application\UI\Game\GamePlayView\GamePlayTimerView\GamePlayTimerView.cpp" />
    <ClCompile Include="Application\GameObject\Weapon\BaseWeapon.cpp" />
    <ClCompile Include="Application\GameObject\Weapon\WeaponInventory.cpp" />
    <ClCompile Include="Application\GameObject\Weapon\WeaponStatusEditor.cpp" />
    <ClCompile Include="Application\GameObject\Weapon\WeaponUpgradeSystem.cpp" />
    <ClCompile Include="Application\UI\Game\Weapon\WeaponUpgradeUI.cpp" />
    <ClCompile Include="Application\GameObject\Weapon\Projectile\ProjectileManager.cpp" />
    <ClCompile Include="Application\GameObject\Weapon\Projectile\Entity\Pistol.cpp" />
    <ClCompile Include="Application\GameObject\Weapon\Projectile\Entity\Rock.cpp" />
    <ClCompile Include="Application\GameObject\Item\BaseItem.cpp" />
    <ClCompile Include="Application\GameObject\Item\ItemInventry.cpp" />
    <ClCompile Include="Application\GameObject\DropObject\DropObject.cpp" />
    <ClCompile Include="Application\GameObject\DropObject\DropObjectManager.cpp" />
    <ClCompile Include="Application\GameObject\Weapon\Projectile\Entity\Explosion.cpp" />
    <ClCompile Include="Application\GameObject\Weapon\Projectile\Entity\Axe.cpp" />
    <ClCompile Include="Application\GameObject\Weapon\Projectile\Entity\FireBall.cpp" />
    <ClCompile Include="Application\UI\Game\Weapon\WeaponIconUI.cpp" />
    <ClCompile Include="Application\UI\Game\Player\PlayerIconUI.cpp" />
    <ClCompile Include="Application\System\InGameSession\InGameSession.cpp" />
    <ClCompile Include="Application\System\GameSeed\GameSeedSystem.cpp" />
    <ClCompile Include="Application\UI\Game\GamePlayView\ProjectileDamageView\ProjectileDamageView.cpp" />
    <ClCompile Include="Application\GameObject\Enemy\EnemyMovement.cpp" />
    <ClCompile Include="Application\System\Fade\Fade.cpp" />
    <ClCompile Include="Application\UI\Game\GamePlayView\FpsMeasurementView\FpsMeasurementView.cpp" />
    <ClCompile Include="Application\UI\Title\PlayerSelectIcon\PlayerSclectIcon.cpp" />
    <ClCompile Include="Application\UI\Title\WeaponSelectIcon\WeaponSelectIcon.cpp" />
    <ClCompile Include="Application\UI\Game\Weapon\WeaponUpgradeCardUI.cpp" />
  </ItemGroup>
  <ItemGroup>
    <ClInclude Include="Application\GameObject\Enemy\EnemyBase.h" />
    <ClInclude Include="Application\GameObject\Enemy\EnemyManager.h" />
    <ClInclude Include="Application\GameObject\Enemy\EnemySpawner.h" />
    <ClInclude Include="Application\GameObject\Map\EventObject\MapEventObjectBase.h" />
    <ClInclude Include="Engine\Math\Vector2.h">
      <Filter>�w�b�_�[ �t�@�C��</Filter>
    </ClInclude>
    <ClInclude Include="Engine\Math\Vector3.h">
      <Filter>�w�b�_�[ �t�@�C��</Filter>
    </ClInclude>
    <ClInclude Include="Engine\Math\Vector4.h">
      <Filter>�w�b�_�[ �t�@�C��</Filter>
    </ClInclude>
    <ClInclude Include="Engine\Math\Matrix4x4.h">
      <Filter>�w�b�_�[ �t�@�C��</Filter>
    </ClInclude>
    <ClInclude Include="Engine\Math\Matrix2x2.h">
      <Filter>�w�b�_�[ �t�@�C��</Filter>
    </ClInclude>
    <ClInclude Include="Engine\Math\Matrix3x3.h">
      <Filter>�w�b�_�[ �t�@�C��</Filter>
    </ClInclude>
    <ClInclude Include="Engine\MathHeaders.h">
      <Filter>�w�b�_�[ �t�@�C��</Filter>
    </ClInclude>
    <ClInclude Include="Engine\Math\Function\MatrixFunction.h">
      <Filter>�w�b�_�[ �t�@�C��</Filter>
    </ClInclude>
    <ClInclude Include="Engine\Math\Function\MathFunction.h">
      <Filter>�w�b�_�[ �t�@�C��</Filter>
    </ClInclude>
    <ClInclude Include="Engine\Math\Transform.h">
      <Filter>�w�b�_�[ �t�@�C��</Filter>
    </ClInclude>
    <ClInclude Include="Engine\Utility\GameTimer\GameTimer.h">
      <Filter>�w�b�_�[ �t�@�C��</Filter>
    </ClInclude>
    <ClInclude Include="Engine\Utility\Easing\Easing.h">
      <Filter>�w�b�_�[ �t�@�C��</Filter>
    </ClInclude>
    <ClInclude Include="Engine\Utility\Easing\EaseType.h">
      <Filter>�w�b�_�[ �t�@�C��</Filter>
    </ClInclude>
    <ClInclude Include="Engine\UtilityHeaders.h">
      <Filter>�w�b�_�[ �t�@�C��</Filter>
    </ClInclude>
    <ClInclude Include="Engine\Utility\Collider\StaticBVH.h" />
    <ClInclude Include="Engine\Utility\Collider\ColliderManager.h">
      <Filter>�w�b�_�[ �t�@�C��</Filter>
    </ClInclude>
    <ClInclude Include="Engine\Utility\Collider\Shape\AABB.h">
      <Filter>�w�b�_�[ �t�@�C��</Filter>
    </ClInclude>
    <ClInclude Include="Engine\Utility\Collider\Shape\Circle.h">
      <Filter>�w�b�_�[ �t�@�C��</Filter>
    </ClInclude>
    <ClInclude Include="Engine\Utility\Collider\Shape\Line.h">
      <Filter>�w�b�_�[ �t�@�C��</Filter>
    </ClInclude>
    <ClInclude Include="Engine\Utility\Collider\Shape\OBB.h">
      <Filter>�w�b�_�[ �t�@�C��</Filter>
    </ClInclude>
    <ClInclude Include="Engine\Utility\Collider\Shape\OvalSphere.h">
      <Filter>�w�b�_�[ �t�@�C��</Filter>
    </ClInclude>
    <ClInclude Include="Engine\Utility\Collider\Shape\Plane.h">
      <Filter>�w�b�_�[ �t�@�C��</Filter>
    </ClInclude>
    <ClInclude Include="Engine\Utility\Collider\Shape\Segment.h">
      <Filter>�w�b�_�[ �t�@�C��</Filter>
    </ClInclude>
    <ClInclude Include="Engine\Utility\Collider\Shape\Slope.h">
      <Filter>�w�b�_�[ �t�@�C��</Filter>
    </ClInclude>
    <ClInclude Include="Engine\Utility\Collider\Shape\Sphere.h">
      <Filter>�w�b�_�[ �t�@�C��</Filter>
    </ClInclude>
    <ClInclude Include="Engine\Utility\Color\GamingColor.h" />
    <ClInclude Include="Engine\Utility\Random.h">
      <Filter>�w�b�_�[ �t�@�C��</Filter>
    </ClInclude>
    <ClInclude Include="Engine\Render\Screen\WindowsAPI.h">
      <Filter>�w�b�_�[ �t�@�C��</Filter>
    </ClInclude>
    <ClInclude Include="Engine\Input\InputManager.h">
      <Filter>�w�b�_�[ �t�@�C��</Filter>
    </ClInclude>
    <ClInclude Include="Engine\Input\Device\Keybord.h">
      <Filter>�w�b�_�[ �t�@�C��</Filter>
    </ClInclude>
    <ClInclude Include="Engine\Utility\Logger\Logger.h">
      <Filter>�w�b�_�[ �t�@�C��</Filter>
    </ClInclude>
    <ClInclude Include="Engine\Core\DxDevice\DxDevice.h">
      <Filter>�w�b�_�[ �t�@�C��</Filter>
    </ClInclude>
    <ClInclude Include="Engine\Audio\Data\Audio.h">
      <Filter>�w�b�_�[ �t�@�C��</Filter>
    </ClInclude>
    <ClInclude Include="Engine\Audio\Data\AudioData.h">
      <Filter>�w�b�_�[ �t�@�C��</Filter>
    </ClInclude>
    <ClInclude Include="Engine\Audio\AudioManager.h">
      <Filter>�w�b�_�[ �t�@�C��</Filter>
    </ClInclude>
    <ClInclude Include="Engine\Audio\MyAudio.h">
      <Filter>�w�b�_�[ �t�@�C��</Filter>
    </ClInclude>
    <ClInclude Include="Engine\Input\Device\Mouse.h">
      <Filter>�w�b�_�[ �t�@�C��</Filter>
    </ClInclude>
    <ClInclude Include="Engine\Input\Device\GamePad.h">
      <Filter>�w�b�_�[ �t�@�C��</Filter>
    </ClInclude>
    <ClInclude Include="Engine\Input\MyInput.h">
      <Filter>�w�b�_�[ �t�@�C��</Filter>
    </ClInclude>
    <ClInclude Include="Engine\Utility\Camera\Camera.h">
      <Filter>�w�b�_�[ �t�@�C��</Filter>
    </ClInclude>
    <ClInclude Include="Engine\Utility\Camera\CameraManager.h">
      <Filter>�w�b�_�[ �t�@�C��</Filter>
    </ClInclude>
    <ClInclude Include="Engine\Utility\Camera\DebugCamera.h">
      <Filter>�w�b�_�[ �t�@�C��</Filter>
    </ClInclude>
    <ClInclude Include="Engine\Utility\Camera\Frustum.h">
      <Filter>�w�b�_�[ �t�@�C��</Filter>
    </ClInclude>
    <ClInclude Include="Engine\Core\DeltaTime\DeltaTime.h">
      <Filter>�w�b�_�[ �t�@�C��</Filter>
    </ClInclude>
    <ClInclude Include="Engine\Math\Quaternion.h">
      <Filter>�w�b�_�[ �t�@�C��</Filter>
    </ClInclude>
    <ClInclude Include="Engine\Math\Function\QuaternionFunction.h">
      <Filter>�w�b�_�[ �t�@�C��</Filter>
    </ClInclude>
    <ClInclude Include="Engine\Render\Screen\SwapChain.h">
      <Filter>�w�b�_�[ �t�@�C��</Filter>
    </ClInclude>
    <ClInclude Include="Engine\Core\Command\command.h">
      <Filter>�w�b�_�[ �t�@�C��</Filter>
    </ClInclude>
    <ClInclude Include="Engine\Core\View\SRVManager.h">
      <Filter>�w�b�_�[ �t�@�C��</Filter>
    </ClInclude>
    <ClInclude Include="Engine\Core\View\RTVManager.h">
      <Filter>�w�b�_�[ �t�@�C��</Filter>
    </ClInclude>
    <ClInclude Include="Engine\Core\View\DSVManager.h">
      <Filter>�w�b�_�[ �t�@�C��</Filter>
    </ClInclude>
    <ClInclude Include="Engine\Core\View\ViewFunction.h">
      <Filter>�w�b�_�[ �t�@�C��</Filter>
    </ClInclude>
    <ClInclude Include="Engine\CoreHeaders.h">
      <Filter>�w�b�_�[ �t�@�C��</Filter>
    </ClInclude>
    <ClInclude Include="Engine\RenderHeaders.h">
      <Filter>�w�b�_�[ �t�@�C��</Filter>
    </ClInclude>
    <ClInclude Include="Engine\Render\Object\2d\Sprite\Sprite.h">
      <Filter>�w�b�_�[ �t�@�C��</Filter>
    </ClInclude>
    <ClInclude Include="Engine\Render\Object\3d\Line\Line.h">
      <Filter>�w�b�_�[ �t�@�C��</Filter>
    </ClInclude>
    <ClInclude Include="Engine\Render\Object\ObjectHandle.h" />
    <ClInclude Include="Engine\Render\Object\RenderLayer.h">
      <Filter>�w�b�_�[ �t�@�C��</Filter>
    </ClInclude>
    <ClInclude Include="Engine\Render\Object\IRenderObject2d.h">
      <Filter>�w�b�_�[ �t�@�C��</Filter>
    </ClInclude>
    <ClInclude Include="Engine\Render\Object\IRenderObject3d.h">
      <Filter>�w�b�_�[ �t�@�C��</Filter>
    </ClInclude>
    <ClInclude Include="Engine\Render\PostEffect\PostEffectPass.h">
      <Filter>�w�b�_�[ �t�@�C��</Filter>
    </ClInclude>
    <ClInclude Include="Engine\Render\PostEffectManager.h" />
    <ClInclude Include="Engine\Render\PostEffect\MyPostEffect.h" />
    <ClInclude Include="Engine\Render\PostEffect\PostEffectDefinitionRegistry.h" />
    <ClInclude Include="Engine\Render\PostEffect\PostEffectParameters.h" />
    <ClInclude Include="Engine\Render\PostEffect\PostEffectPassHandle.h" />
    <ClInclude Include="Engine\Render\PostEffect\PostEffectType.h" />
    <ClInclude Include="Engine\Utility\Handle\GenerationalHandle.h" />
    <ClInclude Include="Application\.SceneManager\SceneManager.h">
      <Filter>�w�b�_�[ �t�@�C��</Filter>
    </ClInclude>
    <ClInclude Include="Application\.SceneManager\Scene\Title.h">
      <Filter>�w�b�_�[ �t�@�C��</Filter>
    </ClInclude>
    <ClInclude Include="Application\.SceneManager\Scene\Game.h">
      <Filter>�w�b�_�[ �t�@�C��</Filter>
    </ClInclude>
    <ClInclude Include="Application\.SceneManager\Scene\Result.h">
      <Filter>�w�b�_�[ �t�@�C��</Filter>
    </ClInclude>
    <ClInclude Include="Application\.SceneManager\IScene.h">
      <Filter>�w�b�_�[ �t�@�C��</Filter>
    </ClInclude>
    <ClInclude Include="Application\.SceneManager\SceneTransitionController.h" />
    <ClInclude Include="Application\.Core\Terminal.h">
      <Filter>�w�b�_�[ �t�@�C��</Filter>
    </ClInclude>
    <ClInclude Include="Engine\Core\LeakChecker\D3DResourceLeakChecker.h">
      <Filter>�w�b�_�[ �t�@�C��</Filter>
    </ClInclude>
    <ClInclude Include="Engine\.Execution\Execution.h">
      <Filter>�w�b�_�[ �t�@�C��</Filter>
    </ClInclude>
    <ClInclude Include="Engine\Utility\Material.h">
      <Filter>�w�b�_�[ �t�@�C��</Filter>
    </ClInclude>
    <ClInclude Include="Engine\Core\TextureManager\TextureManager.h">
      <Filter>�w�b�_�[ �t�@�C��</Filter>
    </ClInclude>
    <ClInclude Include="Engine\Render\Object\2d\Triangle\Triangle.h">
      <Filter>�w�b�_�[ �t�@�C��</Filter>
    </ClInclude>
    <ClInclude Include="Engine\Render\PSO\ComputePSODesc.h">
      <Filter>�w�b�_�[ �t�@�C��</Filter>
    </ClInclude>
    <ClInclude Include="Engine\Render\PSO\ComputePSORegistry.h">
      <Filter>�w�b�_�[ �t�@�C��</Filter>
    </ClInclude>
    <ClInclude Include="Engine\Render\PSO\PSODesc.h">
      <Filter>�w�b�_�[ �t�@�C��</Filter>
    </ClInclude>
    <ClInclude Include="Engine\Render\PSO\PSODescHash.h">
      <Filter>�w�b�_�[ �t�@�C��</Filter>
    </ClInclude>
    <ClInclude Include="Engine\Render\PSO\ShaderReflector.h">
      <Filter>�w�b�_�[ �t�@�C��</Filter>
    </ClInclude>
    <ClInclude Include="Engine\Render\PSO\PSOFactory.h">
      <Filter>�w�b�_�[ �t�@�C��</Filter>
    </ClInclude>
    <ClInclude Include="Engine\Render\PSO\PSORegistry.h">
      <Filter>�w�b�_�[ �t�@�C��</Filter>
    </ClInclude>
    <ClInclude Include="Engine\Shader\ShaderManager.h">
      <Filter>�w�b�_�[ �t�@�C��</Filter>
    </ClInclude>
    <ClInclude Include="Engine\Shader\RootSignatureManager.h">
      <Filter>�w�b�_�[ �t�@�C��</Filter>
    </ClInclude>
    <ClInclude Include="Project\Engine\Core\Resource\DxResourcesHelper.h">
      <Filter>�w�b�_�[ �t�@�C��</Filter>
    </ClInclude>
    <ClInclude Include="Engine\Render\Object\2d\Sprite\SpriteData.h">
      <Filter>�w�b�_�[ �t�@�C��</Filter>
    </ClInclude>
    <ClInclude Include="Engine\Utility\ResourceHelper\ResourceHelper.h">
      <Filter>�w�b�_�[ �t�%40�C��</Filter>
    </ClInclude>
    <ClInclude Include="Engine\Render\Object\3d\Model\ModelData.h">
      <Filter>�w�b�_�[ �t�%40�C��</Filter>
    </ClInclude>
    <ClInclude Include="Application\.SceneManager\Scene\Test.h">
      <Filter>�w�b�_�[ �t�%40�C��</Filter>
    </ClInclude>
    <ClInclude Include="Engine\Render\Object\2d\Sprite\MySprite.h">
      <Filter>�w�b�_�[ �t�%40�C��</Filter>
    </ClInclude>
    <ClInclude Include="Engine\Render\Object\2d\IRenderLayerBatchContext.h" />
    <ClInclude Include="Engine\Render\Object\2d\Sprite\SpriteManager.h">
      <Filter>�w�b�_�[ �t�%40�C��</Filter>
    </ClInclude>
    <ClInclude Include="Engine\Render\Object\2d\Sprite\SpriteSharedGeometry.h">
      <Filter>�w�b�_�[ �t�%40�C��</Filter>
    </ClInclude>
    <ClInclude Include="Project\Application\SceneManager\SceneType.h">
      <Filter>�w�b�_�[ �t�%40�C��</Filter>
    </ClInclude>
    <ClInclude Include="Externals\imgui\imconfig.h">
      <Filter>�w�b�_�[ �t�%40�C��</Filter>
    </ClInclude>
    <ClInclude Include="Externals\imgui\imgui.h">
      <Filter>�w�b�_�[ �t�%40�C��</Filter>
    </ClInclude>
    <ClInclude Include="Externals\imgui\imgui_impl_dx12.h">
      <Filter>�w�b�_�[ �t�%40�C��</Filter>
    </ClInclude>
    <ClInclude Include="Externals\imgui\imgui_impl_win32.h">
      <Filter>�w�b�_�[ �t�%40�C��</Filter>
    </ClInclude>
    <ClInclude Include="Externals\imgui\imgui_internal.h">
      <Filter>�w�b�_�[ �t�%40�C��</Filter>
    </ClInclude>
    <ClInclude Include="Externals\imgui\ImGuizmo.h">
      <Filter>�w�b�_�[ �t�%40�C��</Filter>
    </ClInclude>
    <ClInclude Include="Externals\imgui\imstb_rectpack.h">
      <Filter>�w�b�_�[ �t�%40�C��</Filter>
    </ClInclude>
    <ClInclude Include="Externals\imgui\imstb_textedit.h">
      <Filter>�w�b�_�[ �t�%40�C��</Filter>
    </ClInclude>
    <ClInclude Include="Externals\imgui\imstb_truetype.h">
      <Filter>�w�b�_�[ �t�%40�C��</Filter>
    </ClInclude>
    <ClInclude Include="Engine\ImGuiHeaders.h">
      <Filter>�w�b�_�[ �t�%40�C��</Filter>
    </ClInclude>
    <ClInclude Include="Engine\Render\ImGui\ImGuiManager.h">
      <Filter>�w�b�_�[ �t�%40�C��</Filter>
    </ClInclude>
    <ClInclude Include="Engine\Render\Screen\RenderTexture.h">
      <Filter>�w�b�_�[ �t�%40�C��</Filter>
    </ClInclude>
    <ClInclude Include="Engine\Render\Screen\GameViewCapture.h" />
    <ClInclude Include="Engine\Render\Screen\RenderTargetManager.h">
      <Filter>�w�b�_�[ �t�%40�C��</Filter>
    </ClInclude>
    <ClInclude Include="Engine\Core\DepthStencilBuffer\DepthStencilBuffer.h">
      <Filter>�w�b�_�[ �t�%40�C��</Filter>
    </ClInclude>
    <ClInclude Include="Engine\Render\Screen\ViewportScissor.h">
      <Filter>�w�b�_�[ �t�%40�C��</Filter>
    </ClInclude>
    <ClInclude Include="Engine\Utility\Collider\Shape.h">
      <Filter>�w�b�_�[ �t�%40�C��</Filter>
    </ClInclude>
    <ClInclude Include="Engine\Render\Object\3d\Line\DebugLineManager.h">
      <Filter>�w�b�_�[ �t�%40�C��</Filter>
    </ClInclude>
    <ClInclude Include="Engine\Render\Object\3d\Line\MyDebugLine.h">
      <Filter>�w�b�_�[ �t�%40�C��</Filter>
    </ClInclude>
    <ClInclude Include="Application\GameObject\Player\Player.h">
      <Filter>�w�b�_�[ �t�%40�C��</Filter>
    </ClInclude>
    <ClInclude Include="Application\GameObject\Player\PlayerController.h">
      <Filter>�w�b�_�[ �t�%40�C��</Filter>
    </ClInclude>
    <ClInclude Include="Application\GameObject\Player\PlayerMovement.h">
      <Filter>�w�b�_�[ �t�%40�C��</Filter>
    </ClInclude>
    <ClInclude Include="Application\.SceneManager\CommonData.h">
      <Filter>�w�b�_�[ �t�%40�C��</Filter>
    </ClInclude>
    <ClInclude Include="Engine\Utility\Collider\CollisionFunction.h">
      <Filter>�w�b�_�[ �t�%40�C��</Filter>
    </ClInclude>
    <ClInclude Include="Engine\Utility\Collider\MyCollider.h">
      <Filter>�w�b�_�[ �t�%40�C��</Filter>
    </ClInclude>
    <ClInclude Include="Engine\Utility\Camera\TPS_Camera.h">
      <Filter>�w�b�_�[ �t�%40�C��</Filter>
    </ClInclude>
    <ClInclude Include="Application\.SceneManager\SceneType.h">
      <Filter>�w�b�_�[ �t�%40�C��</Filter>
    </ClInclude>
    <ClInclude Include="Engine\Utility\Collider\CollisionTag.h">
      <Filter>�w�b�_�[ �t�%40�C��</Filter>
    </ClInclude>
    <ClInclude Include="Engine\Audio\AudioType.h">
      <Filter>�w�b�_�[ �t�%40�C��</Filter>
    </ClInclude>
    <ClInclude Include="Application\GameObject\Map\Map.h">
      <Filter>�w�b�_�[ �t�%40�C��</Filter>
    </ClInclude>
    <ClInclude Include="Application\GameObject\Map\MapBlockType.h">
      <Filter>�w�b�_�[ �t�%40�C��</Filter>
    </ClInclude>
    <ClInclude Include="Application\GameObject\IGameObject.h">
      <Filter>�w�b�_�[ �t�%40�C��</Filter>
    </ClInclude>
    <ClInclude Include="Engine\Render\Object\3d\Model\Model.h">
      <Filter>�w�b�_�[ �t�%40�C��</Filter>
    </ClInclude>
    <ClInclude Include="Engine\Render\Object\3d\Model\ModelType.h">
      <Filter>�w�b�_�[ �t�%40�C��</Filter>
    </ClInclude>
    <ClInclude Include="Engine\Render\Object\3d\Model\ModelManager.h">
      <Filter>�w�b�_�[ �t�%40�C��</Filter>
    </ClInclude>
    <ClInclude Include="Engine\Render\Object\3d\Model\ModelSharedData.h" />
    <ClInclude Include="Engine\Render\Object\3d\Model\InstancedModel.h" />
    <ClInclude Include="Engine\Render\Object\3d\Model\MyModel.h" />
    <ClInclude Include="Engine\Render\Object\3d\Model\MyInstancedModel.h" />
    <ClInclude Include="Engine\Render\Object\3d\Particle\CpuParticleEmitterRuntime.h" />
    <ClInclude Include="Engine\Render\Object\3d\Particle\CpuParticleSimulator.h" />
    <ClInclude Include="Engine\Render\Object\3d\Particle\GpuParticleEmitterRuntime.h" />
    <ClInclude Include="Engine\Render\Object\3d\Particle\GpuParticleTypes.h" />
    <ClInclude Include="Engine\Render\Object\3d\Particle\IParticleEmitterRuntime.h" />
    <ClInclude Include="Engine\Render\Object\3d\Particle\MyParticle3d.h" />
    <ClInclude Include="Engine\Render\Object\3d\Particle\ParticleEmitterDebugDrawer3d.h" />
    <ClInclude Include="Engine\Render\Object\3d\Particle\ParticleEmitterRuntimeFactory.h" />
    <ClInclude Include="Engine\Render\Object\3d\Particle\ParticleEffectAsset.h" />
    <ClInclude Include="Engine\Render\Object\3d\Particle\ParticleEffectInstance.h" />
    <ClInclude Include="Engine\Render\Object\3d\Particle\ParticleRenderer3d.h" />
    <ClInclude Include="Engine\Render\Object\3d\Particle\ParticleTrailHistory.h" />
    <ClInclude Include="Engine\Render\Object\3d\Particle\ParticleSystem3d.h" />
    <ClInclude Include="Engine\Render\Object\3d\Particle\ParticleTypes.h" />
    <ClInclude Include="Engine\Render\Object\3d\PrimitiveEffect\CylinderEffectAsset.h" />
    <ClInclude Include="Engine\Render\Object\3d\PrimitiveEffect\CylinderEffectInstance.h" />
    <ClInclude Include="Engine\Render\Object\3d\PrimitiveEffect\CylinderEffectRenderer3d.h" />
    <ClInclude Include="Engine\Render\Object\3d\PrimitiveEffect\EffectTrack.h" />
    <ClInclude Include="Engine\Render\Object\3d\PrimitiveEffect\MyPrimitiveEffect3d.h" />
    <ClInclude Include="Engine\Render\Object\3d\PrimitiveEffect\PrimitiveEffectSystem3d.h" />
    <ClInclude Include="Engine\Render\Object\3d\PrimitiveEffect\PrimitiveEffectTypes.h" />
    <ClInclude Include="Engine\Render\Object\3d\BeamEffect\BeamEffectAsset.h" />
    <ClInclude Include="Engine\Render\Object\3d\BeamEffect\BeamEffectInstance.h" />
    <ClInclude Include="Engine\Render\Object\3d\BeamEffect\BeamEffectSystem3d.h" />
    <ClInclude Include="Engine\Render\Object\3d\BeamEffect\BeamEffectTypes.h" />
    <ClInclude Include="Engine\Render\Object\3d\BeamEffect\BeamPointGenerator.h" />
    <ClInclude Include="Engine\Render\Object\3d\BeamEffect\MyBeamEffect3d.h" />
    <ClInclude Include="Engine\Render\Object\3d\RibbonEffect\IRibbonPointSource.h" />
    <ClInclude Include="Engine\Render\Object\3d\RibbonEffect\ManualRibbonPointSource.h" />
    <ClInclude Include="Engine\Render\Object\3d\RibbonEffect\MyRibbonEffect3d.h" />
    <ClInclude Include="Engine\Render\Object\3d\RibbonEffect\RibbonEffectAsset.h" />
    <ClInclude Include="Engine\Render\Object\3d\RibbonEffect\RibbonEffectInstance.h" />
    <ClInclude Include="Engine\Render\Object\3d\RibbonEffect\RibbonEffectRenderer3d.h" />
    <ClInclude Include="Engine\Render\Object\3d\RibbonEffect\RibbonEffectSystem3d.h" />
    <ClInclude Include="Engine\Render\Object\3d\RibbonEffect\RibbonEffectTypes.h" />
    <ClInclude Include="Engine\Render\Object\3d\RibbonEffect\TrailPointSource.h" />
    <ClInclude Include="Engine\Render\Object\3d\EffectSequence\EffectSequenceAsset.h" />
    <ClInclude Include="Engine\Render\Object\3d\EffectSequence\EffectSequenceInstance.h" />
    <ClInclude Include="Engine\Render\Object\3d\EffectSequence\EffectSequenceNodeDispatcher.h" />
    <ClInclude Include="Engine\Render\Object\3d\EffectSequence\EffectSequenceSystem.h" />
    <ClInclude Include="Engine\Render\Object\3d\EffectSequence\EffectSequenceTypes.h" />
    <ClInclude Include="Engine\Render\Object\3d\EffectSequence\MyEffectSequence3d.h" />
    <ClInclude Include="Engine\Render\Shadow\ShadowMap.h" />
    <ClInclude Include="Engine\Utility\Light\DirectionalLight.h">
      <Filter>�w�b�_�[ �t�%40�C��</Filter>
    </ClInclude>
    <ClInclude Include="Engine\Utility\Light\LightLayer.h">
      <Filter>�w�b�_�[ �t�%40�C��</Filter>
    </ClInclude>
    <ClInclude Include="Engine\Utility\Light\LightManager.h">
      <Filter>�w�b�_�[ �t�%40�C��</Filter>
    </ClInclude>
    <ClInclude Include="Engine\Utility\Light\PointLight.h">
      <Filter>�w�b�_�[ �t�%40�C��</Filter>
    </ClInclude>
    <ClInclude Include="Engine\Utility\Light\SpotLight.h">
      <Filter>�w�b�_�[ �t�%40�C��</Filter>
    </ClInclude>
    <ClInclude Include="Engine\Utility\Camera\CameraForGPU.h">
      <Filter>�w�b�_�[ �t�%40�C��</Filter>
    </ClInclude>
    <ClInclude Include="Engine\Render\Object\3d\Animation\AnimationStruct.h">
      <Filter>�w�b�_�[ �t�%40�C��</Filter>
    </ClInclude>
    <ClInclude Include="Engine\Render\Object\3d\Animation\AnimationFunction.h">
      <Filter>�w�b�_�[ �t�%40�C��</Filter>
    </ClInclude>
    <ClInclude Include="Application\GameObject\Player\PlayerStatus.h">
      <Filter>�w�b�_�[ �t�%40�C��</Filter>
    </ClInclude>
    <ClInclude Include="Engine\Utility\Json\JsonHeaders.h">
      <Filter>�w�b�_�[ �t�%40�C��</Filter>
    </ClInclude>
    <ClInclude Include="Engine\Utility\Json\Data\ConfigManager.h">
      <Filter>�w�b�_�[ �t�%40�C��</Filter>
    </ClInclude>
    <ClInclude Include="Engine\Utility\Json\Core\IJsonSerializable.h">
      <Filter>�w�b�_�[ �t�%40�C��</Filter>
    </ClInclude>
    <ClInclude Include="Engine\Utility\Json\Core\JsonFile.h">
      <Filter>�w�b�_�[ �t�%40�C��</Filter>
    </ClInclude>
    <ClInclude Include="Engine\Utility\Json\Core\JsonSerializer.h">
      <Filter>�w�b�_�[ �t�%40�C��</Filter>
    </ClInclude>
    <ClInclude Include="Application\GameObject\Map\MapBlock.h">
      <Filter>�w�b�_�[ �t�%40�C��</Filter>
    </ClInclude>
    <ClInclude Include="Application\GameObject\Map\EventObject\Jar\Jar.h">
      <Filter>�w�b�_�[ �t�%40�C��</Filter>
    </ClInclude>
    <ClInclude Include="Application\GameObject\Map\EventObject\Jar\JarType.h">
      <Filter>�w�b�_�[ �t�%40�C��</Filter>
    </ClInclude>
    <ClInclude Include="Engine\Render\Object\3d\Animation\AnimationSet.h" />
    <ClInclude Include="Engine\Render\Object\3d\Animation\Animator.h" />
    <ClInclude Include="Application\GameObject\Player\PlayerAnimationController.h" />
    <ClInclude Include="Application\GameObject\Map\EventObject\BossSpawner\BossSpawner.h" />
    <ClInclude Include="Application\GameObject\Map\EventObject\Chest\Chest.h">
      <Filter>�w�b�_�[ �t�%40�C��</Filter>
    </ClInclude>
    <ClInclude Include="Application\GameObject\Map\EventObject\Chest\ChestType.h" />
    <ClInclude Include="Application\GameObject\Map\EventObject\Karma\Karma.h" />
    <ClInclude Include="Engine\Render\ImGui\Editor\AudioEditor.h">
      <Filter>�w�b�_�[ �t�%40�C��</Filter>
    </ClInclude>
    <ClInclude Include="Engine\Render\ImGui\Editor\CameraManagerEditor.h" />
    <ClInclude Include="Engine\Render\ImGui\Editor\CylinderEditor.h" />
    <ClInclude Include="Engine\Render\ImGui\Editor\EffectEmitterEditorCommon.h" />
    <ClInclude Include="Engine\Render\ImGui\Editor\EffectSequenceEditor.h" />
    <ClInclude Include="Engine\Render\ImGui\Editor\BeamEditor.h" />
    <ClInclude Include="Engine\Render\ImGui\Editor\RibbonEditor.h" />
    <ClInclude Include="Engine\Render\ImGui\Editor\LightEditor.h">
      <Filter>�w�b�_�[ �t�%40�C��</Filter>
    </ClInclude>
    <ClInclude Include="Engine\Render\ImGui\Editor\LoggerEditor.h">
      <Filter>�w�b�_�[ �t�%40�C��</Filter>
    </ClInclude>
    <ClInclude Include="Engine\Render\ImGui\Editor\ParticleEditor.h" />
    <ClInclude Include="Engine\Render\ImGui\Editor\PostEffectEditor.h">
      <Filter>�w�b�_�[ �t�%40�C��</Filter>
    </ClInclude>
    <ClInclude Include="Engine\Render\ImGui\Editor\GuizmoEditor.h">
      <Filter>�w�b�_�[ �t�%40�C��</Filter>
    </ClInclude>
    <ClInclude Include="Engine\EditorUIHeaders.h">
      <Filter>�w�b�_�[ �t�%40�C��</Filter>
    </ClInclude>
    <ClInclude Include="Engine\Render\ImGui\Editor\History\EditorCommand.h">
      <Filter>�w�b�_�[ �t�%40�C��</Filter>
    </ClInclude>
    <ClInclude Include="Engine\Render\ImGui\Editor\History\EditorHistory.h">
      <Filter>�w�b�_�[ �t�%40�C��</Filter>
    </ClInclude>
    <ClInclude Include="Engine\Render\ImGui\Editor\History\ModelTransformCommand.h">
      <Filter>�w�b�_�[ �t�%40�C��</Filter>
    </ClInclude>
    <ClInclude Include="Engine\Render\ImGui\Editor\TextEditorUI.h">
      <Filter>�w�b�_�[ �t�%40�C��</Filter>
    </ClInclude>
    <ClInclude Include="Engine\Render\Object\2d\Text\MyText.h">
      <Filter>�w�b�_�[ �t�%40�C��</Filter>
    </ClInclude>
    <ClInclude Include="Engine\Render\Object\2d\Text\Text.h">
      <Filter>�w�b�_�[ �t�%40�C��</Filter>
    </ClInclude>
    <ClInclude Include="Engine\Render\Object\2d\Gauge\Gauge.h">
      <Filter>�w�b�_�[ �t�%40�C��</Filter>
    </ClInclude>
    <ClInclude Include="Engine\Render\Object\3d\Gauge\Gauge3d.h" />
    <ClInclude Include="Engine\Render\Object\2d\Text\TextManager.h">
      <Filter>�w�b�_�[ �t�%40�C��</Filter>
    </ClInclude>
    <ClInclude Include="Engine\Render\Object\2d\Text\TextTextureGenerator.h">
      <Filter>�w�b�_�[ �t�%40�C��</Filter>
    </ClInclude>
    <ClInclude Include="Engine\Render\Object\2d\Text\TextFont.h">
      <Filter>�w�b�_�[ �t�%40�C��</Filter>
    </ClInclude>
    <ClInclude Include="Application\UI\Game\Player\PlayerExpGauge.h">
      <Filter>�w�b�_�[ �t�%40�C��</Filter>
    </ClInclude>
    <ClInclude Include="Application\UI\Game\Player\PlayerHealthGauge.h">
      <Filter>�w�b�_�[ �t�%40�C��</Filter>
    </ClInclude>
    <ClInclude Include="Application\UI\Game\Player\PlayerStaminaGauge.h">
      <Filter>�w�b�_�[ �t�%40�C��</Filter>
    </ClInclude>
    <ClInclude Include="Application\UI\Game\GamePlayView\GamePlayTimerView\GamePlayTimerView.h">
      <Filter>�w�b�_�[ �t�%40�C��</Filter>
    </ClInclude>
    <ClInclude Include="Application\GameObject\Enemy\EnemyStatus.h">
      <Filter>�w�b�_�[ �t�%40�C��</Filter>
    </ClInclude>
    <ClInclude Include="Application\GameObject\Weapon\WeaponStatus.h">
      <Filter>�w�b�_�[ �t�%40�C��</Filter>
    </ClInclude>
    <ClInclude Include="Application\GameObject\Weapon\BaseWeapon.h">
      <Filter>�w�b�_�[ �t�%40�C��</Filter>
    </ClInclude>
    <ClInclude Include="Application\GameObject\Rarity.h">
      <Filter>�w�b�_�[ �t�%40�C��</Filter>
    </ClInclude>
    <ClInclude Include="Application\GameObject\Weapon\WeaponInventory.h">
      <Filter>�w�b�_�[ �t�%40�C��</Filter>
    </ClInclude>
    <ClInclude Include="Engine\Render\ImGui\Editor\SpriteEditor.h" />
    <ClInclude Include="Engine\Render\ImGui\Editor\TextureSelector.h" />
    <ClInclude Include="Engine\Render\ImGui\Editor\ModelEditor.h" />
    <ClInclude Include="Application\GameObject\Weapon\WeaponStatusEditor.h" />
    <ClInclude Include="Application\GameObject\Weapon\WeaponUpgradeSystem.h" />
    <ClInclude Include="Application\UI\Game\Weapon\WeaponUpgradeUI.h" />
    <ClInclude Include="Application\GameObject\Item\ItemStatus.h">
      <Filter>�w�b�_�[ �t�%40�C��</Filter>
    </ClInclude>
    <ClInclude Include="Application\GameObject\Weapon\Projectile\IProjectile.h">
      <Filter>�w�b�_�[ �t�%40�C��</Filter>
    </ClInclude>
    <ClInclude Include="Application\GameObject\Weapon\Projectile\ProjectileManager.h">
      <Filter>�w�b�_�[ �t�%40�C��</Filter>
    </ClInclude>
    <ClInclude Include="Application\GameObject\Weapon\Projectile\Entity\Pistol.h">
      <Filter>�w�b�_�[ �t�%40�C��</Filter>
    </ClInclude>
    <ClInclude Include="Application\GameObject\Weapon\Projectile\Entity\Rock.h">
      <Filter>�w�b�_�[ �t�%40�C��</Filter>
    </ClInclude>
    <ClInclude Include="Application\GameObject\Weapon\Projectile\ProjectileStatus.h">
      <Filter>�w�b�_�[ �t�%40�C��</Filter>
    </ClInclude>
    <ClInclude Include="Application\GameObject\Map\MapLimit.h">
      <Filter>�w�b�_�[ �t�%40�C��</Filter>
    </ClInclude>
    <ClInclude Include="Application\GameObject\StatusEffect.h">
      <Filter>�w�b�_�[ �t�%40�C��</Filter>
    </ClInclude>
    <ClInclude Include="Application\GameObject\Item\BaseItem.h">
      <Filter>�w�b�_�[ �t�%40�C��</Filter>
    </ClInclude>
    <ClInclude Include="Application\GameObject\Item\ItemInventry.h">
      <Filter>�w�b�_�[ �t�%40�C��</Filter>
    </ClInclude>
    <ClInclude Include="Application\GameObject\DropObject\DropObject.h">
      <Filter>�w�b�_�[ �t�%40�C��</Filter>
    </ClInclude>
    <ClInclude Include="Application\GameObject\DropObject\DropObjectStatus.h">
      <Filter>�w�b�_�[ �t�%40�C��</Filter>
    </ClInclude>
    <ClInclude Include="Application\GameObject\DropObject\DropObjectManager.h">
      <Filter>�w�b�_�[ �t�%40�C��</Filter>
    </ClInclude>
    <ClInclude Include="Application\GameObject\Weapon\Projectile\Entity\Explosion.h">
      <Filter>�w�b�_�[ �t�%40�C��</Filter>
    </ClInclude>
    <ClInclude Include="Application\GameObject\Weapon\Projectile\Entity\Axe.h">
      <Filter>�w�b�_�[ �t�%40�C��</Filter>
    </ClInclude>
    <ClInclude Include="Application\GameObject\Weapon\Projectile\Entity\FireBall.h">
      <Filter>�w�b�_�[ �t�%40�C��</Filter>
    </ClInclude>
    <ClInclude Include="Application\UI\Game\Weapon\WeaponIconUI.h">
      <Filter>�w�b�_�[ �t�%40�C��</Filter>
    </ClInclude>
    <ClInclude Include="Application\UI\Game\Player\PlayerIconUI.h">
      <Filter>�w�b�_�[ �t�%40�C��</Filter>
    </ClInclude>
    <ClInclude Include="Application\System\InGameSession\InGameSession.h">
      <Filter>�w�b�_�[ �t�%40�C��</Filter>
    </ClInclude>
    <ClInclude Include="Application\System\GameSeed\GameSeedSystem.h" />
    <ClInclude Include="Application\System\InGameSession\InGamePhase.h">
      <Filter>�w�b�_�[ �t�%40�C��</Filter>
    </ClInclude>
    <ClInclude Include="Application\GameObject\GameObjectHeaders.h">
      <Filter>�w�b�_�[ �t�%40�C��</Filter>
    </ClInclude>
    <ClInclude Include="Application\UI\UIHeaders.h">
      <Filter>�w�b�_�[ �t�%40�C��</Filter>
    </ClInclude>
    <ClInclude Include="Application\UI\Game\GamePlayView\ProjectileDamageView\ProjectileDamageView.h">
      <Filter>�w�b�_�[ �t�%40�C��</Filter>
    </ClInclude>
    <ClInclude Include="Application\GameObject\Enemy\EnemyMovement.h">
      <Filter>�w�b�_�[ �t�%40�C��</Filter>
    </ClInclude>
    <ClInclude Include="Engine\Utility\EditorManagementMode.h">
      <Filter>�w�b�_�[ �t�%40�C��</Filter>
    </ClInclude>
    <ClInclude Include="Application\System\Fade\Fade.h">
      <Filter>�w�b�_�[ �t�%40�C��</Filter>
    </ClInclude>
    <ClInclude Include="Application\UI\Game\GamePlayView\FpsMeasurementView\FpsMeasurementView.h">
      <Filter>�w�b�_�[ �t�%40�C��</Filter>
    </ClInclude>
    <ClInclude Include="Application\InputRegister.h">
      <Filter>�w�b�_�[ �t�%40�C��</Filter>
    </ClInclude>
    <ClInclude Include="Application\ColliderPairRegister.h">
      <Filter>�w�b�_�[ �t�%40�C��</Filter>
    </ClInclude>
    <ClInclude Include="Application\UI\Title\PlayerSelectIcon\PlayerSclectIcon.h">
      <Filter>�w�b�_�[ �t�%40�C��</Filter>
    </ClInclude>
    <ClInclude Include="Application\UI\Title\WeaponSelectIcon\WeaponSelectIcon.h">
      <Filter>�w�b�_�[ �t�%40�C��</Filter>
    </ClInclude>
    <ClInclude Include="Application\UI\Game\Weapon\WeaponUpgradeCardUI.h">
      <Filter>�w�b�_�[ �t�%40�C��</Filter>
    </ClInclude>
  </ItemGroup>
</Project>
