<?xml version="1.0" encoding="utf-8"?>
<Project ToolsVersion="4.0" xmlns="http://schemas.microsoft.com/developer/msbuild/2003">
  <ItemGroup>
    <Filter Include="�w�b�_�[ �t�@�C��">
      <UniqueIdentifier>{93995380-89BD-4b04-88EB-625FBE52EBFB}</UniqueIdentifier>
      <Extensions>h;hh;hpp;hxx;h++;hm;inl;inc;ipp;xsd</Extensions>
    </Filter>
  </ItemGroup>
  <ItemGroup>
    <None Include=".editorconfig" />
  </ItemGroup>
  <ItemGroup>
    <ClCompile Include="Application\.Core\Terminal.cpp" />
    <ClCompile Include="Application\GameObject\Enemy\Enemy.cpp" />
    <ClCompile Include="Application\GameObject\Enemy\EnemySpawner.cpp" />
    <ClCompile Include="Application\.SceneManager\SceneManager.cpp" />
    <ClCompile Include="Application\.SceneManager\Scene\Game.cpp" />
    <ClCompile Include="Application\.SceneManager\Scene\Result.cpp" />
    <ClCompile Include="Application\.SceneManager\Scene\Title.cpp" />
    <ClCompile Include="Engine\Audio\AudioManager.cpp" />
    <ClCompile Include="Engine\Audio\Data\Audio.cpp" />
    <ClCompile Include="Engine\Audio\Data\AudioData.cpp" />
    <ClCompile Include="Engine\Core\Command\Command.cpp" />
    <ClCompile Include="Engine\Core\DeltaTime\DeltaTime.cpp" />
    <ClCompile Include="Engine\Core\DxDevice\DxDevice.cpp" />
    <ClCompile Include="Engine\Core\LeakChecker\D3DResourceLeakChecker.cpp" />
    <ClCompile Include="Engine\Core\TextureManager\TextureManager.cpp" />
    <ClCompile Include="Engine\Core\View\DSVManager.cpp" />
    <ClCompile Include="Engine\Core\View\RTVManager.cpp" />
    <ClCompile Include="Engine\Core\View\SRVManager.cpp" />
    <ClCompile Include="Engine\Core\View\ViewFunction.cpp" />
    <ClCompile Include="Engine\.Execution\Execution.cpp" />
    <ClCompile Include="Engine\Input\Device\GamePad.cpp" />
    <ClCompile Include="Engine\Input\Device\Keybord.cpp" />
    <ClCompile Include="Engine\Input\Device\Mouse.cpp" />
    <ClCompile Include="Engine\Input\InputManager.cpp" />
    <ClCompile Include="Engine\Math\Function\MathFunction.cpp" />
    <ClCompile Include="Engine\Math\Function\MatrixFunction.cpp" />
    <ClCompile Include="Engine\Math\Function\QuaternionFunction.cpp" />
    <ClCompile Include="Engine\Render\PSO\PSOFactory.cpp" />
    <ClCompile Include="Engine\Render\PSO\PSORegistry.cpp" />
    <ClCompile Include="Engine\Render\PSO\ShaderReflector.cpp" />
    <ClCompile Include="Engine\Shader\RootSignatureManager.cpp" />
    <ClCompile Include="Engine\Render\Object\2d\Sprite\Sprite.cpp" />
    <ClCompile Include="Engine\Render\Object\2d\Triangle\Triangle.cpp" />
    <ClCompile Include="Engine\Render\Object\3d\Line\Line.cpp" />
    <ClCompile Include="Engine\Render\Screen\SwapChain.cpp" />
    <ClCompile Include="Engine\Render\Screen\WindowsAPI.cpp" />
    <ClCompile Include="Engine\Shader\ShaderManager.cpp" />
    <ClCompile Include="Engine\Utility\Camera\Camera.cpp" />
    <ClCompile Include="Engine\Utility\Camera\DebugCamera.cpp" />
    <ClCompile Include="Engine\Utility\Collider\ColliderManager.cpp" />
    <ClCompile Include="Engine\Utility\Collider\StaticBVH.cpp" />
    <ClCompile Include="Engine\Utility\Easing\Easing.cpp" />
    <ClCompile Include="Engine\Utility\GameTimer\GameTimer.cpp" />
    <ClCompile Include="Engine\Utility\Logger\Logger.cpp" />
    <ClCompile Include="main.cpp" />
    <ClCompile Include="Engine\Utility\ResourceHelper\ResourceHelper.cpp" />
    <ClCompile Include="Application\.SceneManager\Scene\Test.cpp" />
    <ClCompile Include="Engine\Render\Object\2d\Sprite\SpriteManager.cpp" />
    <ClCompile Include="Externals\imgui\imgui.cpp" />
    <ClCompile Include="Externals\imgui\imgui_demo.cpp" />
    <ClCompile Include="Externals\imgui\imgui_draw.cpp" />
    <ClCompile Include="Externals\imgui\imgui_impl_dx12.cpp" />
    <ClCompile Include="Externals\imgui\imgui_impl_win32.cpp" />
    <ClCompile Include="Externals\imgui\imgui_tables.cpp" />
    <ClCompile Include="Externals\imgui\imgui_widgets.cpp" />
    <ClCompile Include="Externals\imgui\ImGuizmo.cpp" />
    <ClCompile Include="Engine\Render\ImGui\ImGuiManager.cpp" />
    <ClCompile Include="Engine\Render\Screen\RenderTexture.cpp" />
    <ClCompile Include="Engine\Render\Screen\RenderTargetManager.cpp" />
    <ClCompile Include="Engine\Core\DepthStencilBuffer\DepthStencilBuffer.cpp" />
    <ClCompile Include="Engine\Render\Screen\ViewportScissor.cpp" />
    <ClCompile Include="Engine\Render\Object\3d\Line\DebugLineManager.cpp" />
    <ClCompile Include="Engine\Render\Object\3d\Model\InstancedModel.cpp" />
    <ClCompile Include="Application\GameObject\Player\Player.cpp" />
    <ClCompile Include="Application\GameObject\Player\PlayerController.cpp" />
    <ClCompile Include="Application\GameObject\Player\PlayerMovement.cpp" />
    <ClCompile Include="Engine\Utility\Camera\TPS_Camera.cpp" />
    <ClCompile Include="Application\GameObject\Map\Map.cpp" />
    <ClCompile Include="Engine\Render\Object\3d\Model\Model.cpp" />
    <ClCompile Include="Engine\Render\Object\3d\Model\ModelManager.cpp" />
    <ClCompile Include="Engine\Render\Object\3d\Animation\AnimationFunction.cpp" />
    <ClCompile Include="Engine\Render\Object\3d\Model\ModelSharedData.cpp" />
    <ClCompile Include="Engine\Render\LayerEffectPass.cpp" />
    <ClCompile Include="Engine\Render\PostEffectManager.cpp" />
    <ClCompile Include="Engine\Render\Shadow\ShadowMap.cpp" />
    <ClCompile Include="Engine\Utility\Json\Data\ConfigManager.cpp" />
    <ClCompile Include="Engine\Utility\Json\Core\JsonFile.cpp" />
    <ClCompile Include="Engine\Utility\Json\Core\JsonSerializer.cpp" />
    <ClCompile Include="Engine\Utility\Light\LightManager.cpp" />
    <ClCompile Include="Application\GameObject\Map\MapBlock.cpp" />
    <ClCompile Include="Application\GameObject\Map\EventObject\Jar\Jar.cpp" />
    <ClCompile Include="Application\GameObject\Map\EventObject\MapEventObjectBase.cpp" />
    <ClCompile Include="Application\GameObject\Map\EventObject\Chest\Chest.cpp" />
    <ClCompile Include="Engine\Render\ImGui\Editor\AudioEditor.cpp" />
    <ClCompile Include="Engine\Render\ImGui\Editor\LightEditor.cpp" />
    <ClCompile Include="Engine\Render\ImGui\Editor\LoggerEditor.cpp" />
    <ClCompile Include="Engine\Render\ImGui\Editor\PostEffectEditor.cpp" />
    <ClCompile Include="Engine\Render\ImGui\Editor\GuizmoEditor.cpp" />
    <ClCompile Include="Engine\Render\ImGui\Editor\History\EditorHistory.cpp" />
    <ClCompile Include="Engine\Render\ImGui\Editor\History\ModelTransformCommand.cpp" />
    <ClCompile Include="Engine\Render\ImGui\Editor\TextEditorUI.cpp" />
    <ClCompile Include="Engine\Render\Object\2d\Text\Text.cpp" />
    <ClCompile Include="Engine\Render\Object\2d\Text\TextManager.cpp" />
    <ClCompile Include="Engine\Render\Object\2d\Text\TextTextureGenerator.cpp" />
    <ClCompile Include="Engine\Render\Object\2d\Gauge\Gauge.cpp" />
    <ClCompile Include="Application\UI\Player\PlayerExpGauge.cpp" />
    <ClCompile Include="Application\UI\Player\PlayerHealthGauge.cpp" />
    <ClCompile Include="Application\UI\GameSceneTimer.cpp" />
    <ClCompile Include="Application\GameObject\Weapon\BaseWeapon.cpp" />
    <ClCompile Include="Application\GameObject\Weapon\WeaponInventory.cpp" />
    <ClCompile Include="Application\GameObject\Weapon\Projectile\ProjectileManager.cpp" />
    <ClCompile Include="Application\GameObject\Weapon\Projectile\Entity\Pistol.cpp" />
    <ClCompile Include="Application\GameObject\Weapon\Projectile\Entity\Rock.cpp" />
    <ClCompile Include="Application\GameObject\Item\BaseItem.cpp" />
    <ClCompile Include="Application\GameObject\Item\ItemInventry.cpp" />
    <ClCompile Include="Application\GameObject\DropObject\DropObject.cpp" />
    <ClCompile Include="Application\GameObject\DropObject\DropObjectManager.cpp" />
    <ClCompile Include="Application\GameObject\Weapon\Projectile\Entity\Explotion.cpp" />
  </ItemGroup>
  <ItemGroup>
    <ClInclude Include="Application\GameObject\Enemy\Enemy.h" />
    <ClInclude Include="Application\GameObject\Enemy\EnemySpawner.h" />
    <ClInclude Include="Application\GameObject\Map\EventObject\MapEventObjectBase.h" />
    <ClInclude Include="Engine\Math\Vector2.h">
      <Filter>�w�b�_�[ �t�@�C��</Filter>
    </ClInclude>
    <ClInclude Include="Engine\Math\Vector3.h">
      <Filter>�w�b�_�[ �t�@�C��</Filter>
    </ClInclude>
    <ClInclude Include="Engine\Math\Vector4.h">
      <Filter>�w�b�_�[ �t�@�C��</Filter>
    </ClInclude>
    <ClInclude Include="Engine\Math\Matrix4x4.h">
      <Filter>�w�b�_�[ �t�@�C��</Filter>
    </ClInclude>
    <ClInclude Include="Engine\Math\Matrix2x2.h">
      <Filter>�w�b�_�[ �t�@�C��</Filter>
    </ClInclude>
    <ClInclude Include="Engine\Math\Matrix3x3.h">
      <Filter>�w�b�_�[ �t�@�C��</Filter>
    </ClInclude>
    <ClInclude Include="Engine\MathHeaders.h">
      <Filter>�w�b�_�[ �t�@�C��</Filter>
    </ClInclude>
    <ClInclude Include="Engine\Math\Function\MatrixFunction.h">
      <Filter>�w�b�_�[ �t�@�C��</Filter>
    </ClInclude>
    <ClInclude Include="Engine\Math\Function\MathFunction.h">
      <Filter>�w�b�_�[ �t�@�C��</Filter>
    </ClInclude>
    <ClInclude Include="Engine\Math\Transform.h">
      <Filter>�w�b�_�[ �t�@�C��</Filter>
    </ClInclude>
    <ClInclude Include="Engine\Utility\GameTimer\GameTimer.h">
      <Filter>�w�b�_�[ �t�@�C��</Filter>
    </ClInclude>
    <ClInclude Include="Engine\Utility\Easing\Easing.h">
      <Filter>�w�b�_�[ �t�@�C��</Filter>
    </ClInclude>
    <ClInclude Include="Engine\Utility\Easing\EaseType.h">
      <Filter>�w�b�_�[ �t�@�C��</Filter>
    </ClInclude>
    <ClInclude Include="Engine\UtilityHeaders.h">
      <Filter>�w�b�_�[ �t�@�C��</Filter>
    </ClInclude>
    <ClInclude Include="Engine\Utility\Collider\StaticBVH.h" />
    <ClInclude Include="Engine\Utility\Collider\ColliderManager.h">
      <Filter>�w�b�_�[ �t�@�C��</Filter>
    </ClInclude>
    <ClInclude Include="Engine\Utility\Collider\Shape\AABB.h">
      <Filter>�w�b�_�[ �t�@�C��</Filter>
    </ClInclude>
    <ClInclude Include="Engine\Utility\Collider\Shape\Circle.h">
      <Filter>�w�b�_�[ �t�@�C��</Filter>
    </ClInclude>
    <ClInclude Include="Engine\Utility\Collider\Shape\Line.h">
      <Filter>�w�b�_�[ �t�@�C��</Filter>
    </ClInclude>
    <ClInclude Include="Engine\Utility\Collider\Shape\OBB.h">
      <Filter>�w�b�_�[ �t�@�C��</Filter>
    </ClInclude>
    <ClInclude Include="Engine\Utility\Collider\Shape\OvalSphere.h">
      <Filter>�w�b�_�[ �t�@�C��</Filter>
    </ClInclude>
    <ClInclude Include="Engine\Utility\Collider\Shape\Plane.h">
      <Filter>�w�b�_�[ �t�@�C��</Filter>
    </ClInclude>
    <ClInclude Include="Engine\Utility\Collider\Shape\Segment.h">
      <Filter>�w�b�_�[ �t�@�C��</Filter>
    </ClInclude>
    <ClInclude Include="Engine\Utility\Collider\Shape\Slope.h">
      <Filter>�w�b�_�[ �t�@�C��</Filter>
    </ClInclude>
    <ClInclude Include="Engine\Utility\Collider\Shape\Sphere.h">
      <Filter>�w�b�_�[ �t�@�C��</Filter>
    </ClInclude>
    <ClInclude Include="Engine\Utility\Random.h">
      <Filter>�w�b�_�[ �t�@�C��</Filter>
    </ClInclude>
    <ClInclude Include="Engine\Render\Screen\WindowsAPI.h">
      <Filter>�w�b�_�[ �t�@�C��</Filter>
    </ClInclude>
    <ClInclude Include="Engine\Input\InputManager.h">
      <Filter>�w�b�_�[ �t�@�C��</Filter>
    </ClInclude>
    <ClInclude Include="Engine\Input\Device\Keybord.h">
      <Filter>�w�b�_�[ �t�@�C��</Filter>
    </ClInclude>
    <ClInclude Include="Engine\Utility\Logger\Logger.h">
      <Filter>�w�b�_�[ �t�@�C��</Filter>
    </ClInclude>
    <ClInclude Include="Engine\Core\DxDevice\DxDevice.h">
      <Filter>�w�b�_�[ �t�@�C��</Filter>
    </ClInclude>
    <ClInclude Include="Engine\Audio\Data\Audio.h">
      <Filter>�w�b�_�[ �t�@�C��</Filter>
    </ClInclude>
    <ClInclude Include="Engine\Audio\Data\AudioData.h">
      <Filter>�w�b�_�[ �t�@�C��</Filter>
    </ClInclude>
    <ClInclude Include="Engine\Audio\AudioManager.h">
      <Filter>�w�b�_�[ �t�@�C��</Filter>
    </ClInclude>
    <ClInclude Include="Engine\Audio\MyAudio.h">
      <Filter>�w�b�_�[ �t�@�C��</Filter>
    </ClInclude>
    <ClInclude Include="Engine\Input\Device\Mouse.h">
      <Filter>�w�b�_�[ �t�@�C��</Filter>
    </ClInclude>
    <ClInclude Include="Engine\Input\Device\GamePad.h">
      <Filter>�w�b�_�[ �t�@�C��</Filter>
    </ClInclude>
    <ClInclude Include="Engine\Input\MyInput.h">
      <Filter>�w�b�_�[ �t�@�C��</Filter>
    </ClInclude>
    <ClInclude Include="Engine\Utility\Camera\Camera.h">
      <Filter>�w�b�_�[ �t�@�C��</Filter>
    </ClInclude>
    <ClInclude Include="Engine\Utility\Camera\DebugCamera.h">
      <Filter>�w�b�_�[ �t�@�C��</Filter>
    </ClInclude>
    <ClInclude Include="Engine\Utility\Camera\Frustum.h">
      <Filter>�w�b�_�[ �t�@�C��</Filter>
    </ClInclude>
    <ClInclude Include="Engine\Core\DeltaTime\DeltaTime.h">
      <Filter>�w�b�_�[ �t�@�C��</Filter>
    </ClInclude>
    <ClInclude Include="Engine\Math\Quaternion.h">
      <Filter>�w�b�_�[ �t�@�C��</Filter>
    </ClInclude>
    <ClInclude Include="Engine\Math\Function\QuaternionFunction.h">
      <Filter>�w�b�_�[ �t�@�C��</Filter>
    </ClInclude>
    <ClInclude Include="Engine\Render\Screen\SwapChain.h">
      <Filter>�w�b�_�[ �t�@�C��</Filter>
    </ClInclude>
    <ClInclude Include="Engine\Core\Command\command.h">
      <Filter>�w�b�_�[ �t�@�C��</Filter>
    </ClInclude>
    <ClInclude Include="Engine\Core\View\SRVManager.h">
      <Filter>�w�b�_�[ �t�@�C��</Filter>
    </ClInclude>
    <ClInclude Include="Engine\Core\View\RTVManager.h">
      <Filter>�w�b�_�[ �t�@�C��</Filter>
    </ClInclude>
    <ClInclude Include="Engine\Core\View\DSVManager.h">
      <Filter>�w�b�_�[ �t�@�C��</Filter>
    </ClInclude>
    <ClInclude Include="Engine\Core\View\ViewFunction.h">
      <Filter>�w�b�_�[ �t�@�C��</Filter>
    </ClInclude>
    <ClInclude Include="Engine\CoreHeaders.h">
      <Filter>�w�b�_�[ �t�@�C��</Filter>
    </ClInclude>
    <ClInclude Include="Engine\RenderHeaders.h">
      <Filter>�w�b�_�[ �t�@�C��</Filter>
    </ClInclude>
    <ClInclude Include="Engine\Render\Object\2d\Sprite\Sprite.h">
      <Filter>�w�b�_�[ �t�@�C��</Filter>
    </ClInclude>
    <ClInclude Include="Engine\Render\Object\3d\Line\Line.h">
      <Filter>�w�b�_�[ �t�@�C��</Filter>
    </ClInclude>
    <ClInclude Include="Engine\Render\Object\RenderLayer.h">
      <Filter>�w�b�_�[ �t�@�C��</Filter>
    </ClInclude>
    <ClInclude Include="Engine\Render\Object\IRenderObject2d.h">
      <Filter>�w�b�_�[ �t�@�C��</Filter>
    </ClInclude>
    <ClInclude Include="Engine\Render\Object\IRenderObject3d.h">
      <Filter>�w�b�_�[ �t�@�C��</Filter>
    </ClInclude>
    <ClInclude Include="Engine\Render\LayerEffectPass.h">
      <Filter>�w�b�_�[ �t�@�C��</Filter>
    </ClInclude>
    <ClInclude Include="Engine\Render\PostEffectManager.h" />
    <ClInclude Include="Application\.SceneManager\SceneManager.h">
      <Filter>�w�b�_�[ �t�@�C��</Filter>
    </ClInclude>
    <ClInclude Include="Application\.SceneManager\Scene\Title.h">
      <Filter>�w�b�_�[ �t�@�C��</Filter>
    </ClInclude>
    <ClInclude Include="Application\.SceneManager\Scene\Game.h">
      <Filter>�w�b�_�[ �t�@�C��</Filter>
    </ClInclude>
    <ClInclude Include="Application\.SceneManager\Scene\Result.h">
      <Filter>�w�b�_�[ �t�@�C��</Filter>
    </ClInclude>
    <ClInclude Include="Application\.SceneManager\IScene.h">
      <Filter>�w�b�_�[ �t�@�C��</Filter>
    </ClInclude>
    <ClInclude Include="Application\.Core\Terminal.h">
      <Filter>�w�b�_�[ �t�@�C��</Filter>
    </ClInclude>
    <ClInclude Include="Engine\Core\LeakChecker\D3DResourceLeakChecker.h">
      <Filter>�w�b�_�[ �t�@�C��</Filter>
    </ClInclude>
    <ClInclude Include="Engine\.Execution\Execution.h">
      <Filter>�w�b�_�[ �t�@�C��</Filter>
    </ClInclude>
    <ClInclude Include="Engine\Utility\Material.h">
      <Filter>�w�b�_�[ �t�@�C��</Filter>
    </ClInclude>
    <ClInclude Include="Engine\Core\TextureManager\TextureManager.h">
      <Filter>�w�b�_�[ �t�@�C��</Filter>
    </ClInclude>
    <ClInclude Include="Engine\Render\Object\2d\Triangle\Triangle.h">
      <Filter>�w�b�_�[ �t�@�C��</Filter>
    </ClInclude>
    <ClInclude Include="Engine\Render\PSO\PSODesc.h">
      <Filter>�w�b�_�[ �t�@�C��</Filter>
    </ClInclude>
    <ClInclude Include="Engine\Render\PSO\PSODescHash.h">
      <Filter>�w�b�_�[ �t�@�C��</Filter>
    </ClInclude>
    <ClInclude Include="Engine\Render\PSO\ShaderReflector.h">
      <Filter>�w�b�_�[ �t�@�C��</Filter>
    </ClInclude>
    <ClInclude Include="Engine\Render\PSO\PSOFactory.h">
      <Filter>�w�b�_�[ �t�@�C��</Filter>
    </ClInclude>
    <ClInclude Include="Engine\Render\PSO\PSORegistry.h">
      <Filter>�w�b�_�[ �t�@�C��</Filter>
    </ClInclude>
    <ClInclude Include="Engine\Shader\ShaderManager.h">
      <Filter>�w�b�_�[ �t�@�C��</Filter>
    </ClInclude>
    <ClInclude Include="Engine\Shader\RootSignatureManager.h">
      <Filter>�w�b�_�[ �t�@�C��</Filter>
    </ClInclude>
    <ClInclude Include="Project\Engine\Core\Resource\DxResourcesHelper.h">
      <Filter>�w�b�_�[ �t�@�C��</Filter>
    </ClInclude>
    <ClInclude Include="Engine\Render\Object\2d\Sprite\SpriteData.h">
      <Filter>�w�b�_�[ �t�@�C��</Filter>
    </ClInclude>
    <ClInclude Include="Engine\Utility\ResourceHelper\ResourceHelper.h">
      <Filter>�w�b�_�[ �t�%40�C��</Filter>
    </ClInclude>
    <ClInclude Include="Engine\Render\Object\3d\Model\ModelData.h">
      <Filter>�w�b�_�[ �t�%40�C��</Filter>
    </ClInclude>
    <ClInclude Include="Application\.SceneManager\Scene\Test.h">
      <Filter>�w�b�_�[ �t�%40�C��</Filter>
    </ClInclude>
    <ClInclude Include="Engine\Render\Object\2d\Sprite\MySprite.h">
      <Filter>�w�b�_�[ �t�%40�C��</Filter>
    </ClInclude>
    <ClInclude Include="Engine\Render\Object\2d\Sprite\SpriteManager.h">
      <Filter>�w�b�_�[ �t�%40�C��</Filter>
    </ClInclude>
    <ClInclude Include="Engine\Render\Object\2d\Sprite\SpriteSharedGeometry.h">
      <Filter>�w�b�_�[ �t�%40�C��</Filter>
    </ClInclude>
    <ClInclude Include="Project\Application\SceneManager\SceneType.h">
      <Filter>�w�b�_�[ �t�%40�C��</Filter>
    </ClInclude>
    <ClInclude Include="Externals\imgui\imconfig.h">
      <Filter>�w�b�_�[ �t�%40�C��</Filter>
    </ClInclude>
    <ClInclude Include="Externals\imgui\imgui.h">
      <Filter>�w�b�_�[ �t�%40�C��</Filter>
    </ClInclude>
    <ClInclude Include="Externals\imgui\imgui_impl_dx12.h">
      <Filter>�w�b�_�[ �t�%40�C��</Filter>
    </ClInclude>
    <ClInclude Include="Externals\imgui\imgui_impl_win32.h">
      <Filter>�w�b�_�[ �t�%40�C��</Filter>
    </ClInclude>
    <ClInclude Include="Externals\imgui\imgui_internal.h">
      <Filter>�w�b�_�[ �t�%40�C��</Filter>
    </ClInclude>
    <ClInclude Include="Externals\imgui\ImGuizmo.h">
      <Filter>�w�b�_�[ �t�%40�C��</Filter>
    </ClInclude>
    <ClInclude Include="Externals\imgui\imstb_rectpack.h">
      <Filter>�w�b�_�[ �t�%40�C��</Filter>
    </ClInclude>
    <ClInclude Include="Externals\imgui\imstb_textedit.h">
      <Filter>�w�b�_�[ �t�%40�C��</Filter>
    </ClInclude>
    <ClInclude Include="Externals\imgui\imstb_truetype.h">
      <Filter>�w�b�_�[ �t�%40�C��</Filter>
    </ClInclude>
    <ClInclude Include="Engine\ImGuiHeaders.h">
      <Filter>�w�b�_�[ �t�%40�C��</Filter>
    </ClInclude>
    <ClInclude Include="Engine\Render\ImGui\ImGuiManager.h">
      <Filter>�w�b�_�[ �t�%40�C��</Filter>
    </ClInclude>
    <ClInclude Include="Engine\Render\Screen\RenderTexture.h">
      <Filter>�w�b�_�[ �t�%40�C��</Filter>
    </ClInclude>
    <ClInclude Include="Engine\Render\Screen\RenderTargetManager.h">
      <Filter>�w�b�_�[ �t�%40�C��</Filter>
    </ClInclude>
    <ClInclude Include="Engine\Core\DepthStencilBuffer\DepthStencilBuffer.h">
      <Filter>�w�b�_�[ �t�%40�C��</Filter>
    </ClInclude>
    <ClInclude Include="Engine\Render\Screen\ViewportScissor.h">
      <Filter>�w�b�_�[ �t�%40�C��</Filter>
    </ClInclude>
    <ClInclude Include="Engine\Utility\Collider\Shape.h">
      <Filter>�w�b�_�[ �t�%40�C��</Filter>
    </ClInclude>
    <ClInclude Include="Engine\Render\Object\3d\Line\DebugLineManager.h">
      <Filter>�w�b�_�[ �t�%40�C��</Filter>
    </ClInclude>
    <ClInclude Include="Engine\Render\Object\3d\Line\MyDebugLine.h">
      <Filter>�w�b�_�[ �t�%40�C��</Filter>
    </ClInclude>
    <ClInclude Include="Application\GameObject\Player\Player.h">
      <Filter>�w�b�_�[ �t�%40�C��</Filter>
    </ClInclude>
    <ClInclude Include="Application\GameObject\Player\PlayerController.h">
      <Filter>�w�b�_�[ �t�%40�C��</Filter>
    </ClInclude>
    <ClInclude Include="Application\GameObject\Player\PlayerMovement.h">
      <Filter>�w�b�_�[ �t�%40�C��</Filter>
    </ClInclude>
    <ClInclude Include="Application\.SceneManager\CommonData.h">
      <Filter>�w�b�_�[ �t�%40�C��</Filter>
    </ClInclude>
    <ClInclude Include="Engine\Utility\Collider\CollisionFunction.h">
      <Filter>�w�b�_�[ �t�%40�C��</Filter>
    </ClInclude>
    <ClInclude Include="Engine\Utility\Collider\MyCollider.h">
      <Filter>�w�b�_�[ �t�%40�C��</Filter>
    </ClInclude>
    <ClInclude Include="Engine\Utility\Camera\TPS_Camera.h">
      <Filter>�w�b�_�[ �t�%40�C��</Filter>
    </ClInclude>
    <ClInclude Include="Application\.SceneManager\SceneType.h">
      <Filter>�w�b�_�[ �t�%40�C��</Filter>
    </ClInclude>
    <ClInclude Include="Engine\Utility\Collider\CollisionTag.h">
      <Filter>�w�b�_�[ �t�%40�C��</Filter>
    </ClInclude>
    <ClInclude Include="Engine\Audio\AudioType.h">
      <Filter>�w�b�_�[ �t�%40�C��</Filter>
    </ClInclude>
    <ClInclude Include="Application\GameObject\Map\Map.h">
      <Filter>�w�b�_�[ �t�%40�C��</Filter>
    </ClInclude>
    <ClInclude Include="Application\GameObject\Map\MapBlockType.h">
      <Filter>�w�b�_�[ �t�%40�C��</Filter>
    </ClInclude>
    <ClInclude Include="Application\GameObject\IGameObject.h">
      <Filter>�w�b�_�[ �t�%40�C��</Filter>
    </ClInclude>
    <ClInclude Include="Engine\Render\Object\3d\Model\Model.h">
      <Filter>�w�b�_�[ �t�%40�C��</Filter>
    </ClInclude>
    <ClInclude Include="Engine\Render\Object\3d\Model\ModelType.h">
      <Filter>�w�b�_�[ �t�%40�C��</Filter>
    </ClInclude>
    <ClInclude Include="Engine\Render\Object\3d\Model\ModelManager.h">
      <Filter>�w�b�_�[ �t�%40�C��</Filter>
    </ClInclude>
    <ClInclude Include="Engine\Render\Object\3d\Model\ModelSharedData.h" />
    <ClInclude Include="Engine\Render\Object\3d\Model\InstancedModel.h" />
    <ClInclude Include="Engine\Render\Object\3d\Model\MyModel.h" />
    <ClInclude Include="Engine\Render\Object\3d\Model\MyInstancedModel.h" />
    <ClInclude Include="Engine\Render\Shadow\ShadowMap.h" />
    <ClInclude Include="Engine\Utility\Light\DirectionalLight.h">
      <Filter>�w�b�_�[ �t�%40�C��</Filter>
    </ClInclude>
    <ClInclude Include="Engine\Utility\Light\LightLayer.h">
      <Filter>�w�b�_�[ �t�%40�C��</Filter>
    </ClInclude>
    <ClInclude Include="Engine\Utility\Light\LightManager.h">
      <Filter>�w�b�_�[ �t�%40�C��</Filter>
    </ClInclude>
    <ClInclude Include="Engine\Utility\Light\PointLight.h">
      <Filter>�w�b�_�[ �t�%40�C��</Filter>
    </ClInclude>
    <ClInclude Include="Engine\Utility\Light\SpotLight.h">
      <Filter>�w�b�_�[ �t�%40�C��</Filter>
    </ClInclude>
    <ClInclude Include="Engine\Utility\Camera\CameraForGPU.h">
      <Filter>�w�b�_�[ �t�%40�C��</Filter>
    </ClInclude>
    <ClInclude Include="Engine\Render\Object\3d\Animation\AnimationStruct.h">
      <Filter>�w�b�_�[ �t�%40�C��</Filter>
    </ClInclude>
    <ClInclude Include="Engine\Render\Object\3d\Animation\AnimationFunction.h">
      <Filter>�w�b�_�[ �t�%40�C��</Filter>
    </ClInclude>
    <ClInclude Include="Application\GameObject\Player\PlayerStatus.h">
      <Filter>�w�b�_�[ �t�%40�C��</Filter>
    </ClInclude>
    <ClInclude Include="Engine\Utility\Json\JsonHeaders.h">
      <Filter>�w�b�_�[ �t�%40�C��</Filter>
    </ClInclude>
    <ClInclude Include="Engine\Utility\Json\Data\ConfigManager.h">
      <Filter>�w�b�_�[ �t�%40�C��</Filter>
    </ClInclude>
    <ClInclude Include="Engine\Utility\Json\Core\IJsonSerializable.h">
      <Filter>�w�b�_�[ �t�%40�C��</Filter>
    </ClInclude>
    <ClInclude Include="Engine\Utility\Json\Core\JsonFile.h">
      <Filter>�w�b�_�[ �t�%40�C��</Filter>
    </ClInclude>
    <ClInclude Include="Engine\Utility\Json\Core\JsonSerializer.h">
      <Filter>�w�b�_�[ �t�%40�C��</Filter>
    </ClInclude>
    <ClInclude Include="Application\GameObject\Map\MapBlock.h">
      <Filter>�w�b�_�[ �t�%40�C��</Filter>
    </ClInclude>
    <ClInclude Include="Application\GameObject\Map\EventObject\Jar\Jar.h">
      <Filter>�w�b�_�[ �t�%40�C��</Filter>
    </ClInclude>
    <ClInclude Include="Application\GameObject\Map\EventObject\Jar\JarType.h">
      <Filter>�w�b�_�[ �t�%40�C��</Filter>
    </ClInclude>
    <ClInclude Include="Application\GameObject\Map\EventObject\Chest\Chest.h">
      <Filter>�w�b�_�[ �t�%40�C��</Filter>
    </ClInclude>
    <ClInclude Include="Application\GameObject\Map\EventObject\Chest\ChestType.h" />
    <ClInclude Include="Engine\Render\ImGui\Editor\AudioEditor.h">
      <Filter>�w�b�_�[ �t�%40�C��</Filter>
    </ClInclude>
    <ClInclude Include="Engine\Render\ImGui\Editor\LightEditor.h">
      <Filter>�w�b�_�[ �t�%40�C��</Filter>
    </ClInclude>
    <ClInclude Include="Engine\Render\ImGui\Editor\LoggerEditor.h">
      <Filter>�w�b�_�[ �t�%40�C��</Filter>
    </ClInclude>
    <ClInclude Include="Engine\Render\ImGui\Editor\PostEffectEditor.h">
      <Filter>�w�b�_�[ �t�%40�C��</Filter>
    </ClInclude>
    <ClInclude Include="Engine\Render\ImGui\Editor\GuizmoEditor.h">
      <Filter>�w�b�_�[ �t�%40�C��</Filter>
    </ClInclude>
    <ClInclude Include="Engine\EditorUIHeaders.h">
      <Filter>�w�b�_�[ �t�%40�C��</Filter>
    </ClInclude>
    <ClInclude Include="Engine\Render\ImGui\Editor\History\EditorCommand.h">
      <Filter>�w�b�_�[ �t�%40�C��</Filter>
    </ClInclude>
    <ClInclude Include="Engine\Render\ImGui\Editor\History\EditorHistory.h">
      <Filter>�w�b�_�[ �t�%40�C��</Filter>
    </ClInclude>
    <ClInclude Include="Engine\Render\ImGui\Editor\History\ModelTransformCommand.h">
      <Filter>�w�b�_�[ �t�%40�C��</Filter>
    </ClInclude>
    <ClInclude Include="Engine\Render\ImGui\Editor\TextEditorUI.h">
      <Filter>�w�b�_�[ �t�%40�C��</Filter>
    </ClInclude>
    <ClInclude Include="Engine\Render\Object\2d\Text\MyText.h">
      <Filter>�w�b�_�[ �t�%40�C��</Filter>
    </ClInclude>
    <ClInclude Include="Engine\Render\Object\2d\Text\Text.h">
      <Filter>�w�b�_�[ �t�%40�C��</Filter>
    </ClInclude>
    <ClInclude Include="Engine\Render\Object\2d\Gauge\Gauge.h">
      <Filter>�w�b�_�[ �t�%40�C��</Filter>
    </ClInclude>
    <ClInclude Include="Engine\Render\Object\2d\Text\TextManager.h">
      <Filter>�w�b�_�[ �t�%40�C��</Filter>
    </ClInclude>
    <ClInclude Include="Engine\Render\Object\2d\Text\TextTextureGenerator.h">
      <Filter>�w�b�_�[ �t�%40�C��</Filter>
    </ClInclude>
    <ClInclude Include="Engine\Render\Object\2d\Text\TextFont.h">
      <Filter>�w�b�_�[ �t�%40�C��</Filter>
    </ClInclude>
    <ClInclude Include="Application\UI\Player\PlayerExpGauge.h">
      <Filter>�w�b�_�[ �t�%40�C��</Filter>
    </ClInclude>
    <ClInclude Include="Application\UI\Player\PlayerHealthGauge.h">
      <Filter>�w�b�_�[ �t�%40�C��</Filter>
    </ClInclude>
    <ClInclude Include="Application\UI\GameSceneTimer.h">
      <Filter>�w�b�_�[ �t�%40�C��</Filter>
    </ClInclude>
    <ClInclude Include="Application\GameObject\Enemy\EnemyStatus.h">
      <Filter>�w�b�_�[ �t�%40�C��</Filter>
    </ClInclude>
    <ClInclude Include="Application\GameObject\Weapon\WeaponStatus.h">
      <Filter>�w�b�_�[ �t�%40�C��</Filter>
    </ClInclude>
    <ClInclude Include="Application\GameObject\Weapon\BaseWeapon.h">
      <Filter>�w�b�_�[ �t�%40�C��</Filter>
    </ClInclude>
    <ClInclude Include="Application\GameObject\Rarity.h">
      <Filter>�w�b�_�[ �t�%40�C��</Filter>
    </ClInclude>
    <ClInclude Include="Application\GameObject\Weapon\WeaponInventory.h">
      <Filter>�w�b�_�[ �t�%40�C��</Filter>
    </ClInclude>
    <ClInclude Include="Application\GameObject\Item\ItemStatus.h">
      <Filter>�w�b�_�[ �t�%40�C��</Filter>
    </ClInclude>
    <ClInclude Include="Application\GameObject\Weapon\Projectile\IProjectile.h">
      <Filter>�w�b�_�[ �t�%40�C��</Filter>
    </ClInclude>
    <ClInclude Include="Application\GameObject\Weapon\Projectile\ProjectileManager.h">
      <Filter>�w�b�_�[ �t�%40�C��</Filter>
    </ClInclude>
    <ClInclude Include="Application\GameObject\Weapon\Projectile\Entity\Pistol.h">
      <Filter>�w�b�_�[ �t�%40�C��</Filter>
    </ClInclude>
    <ClInclude Include="Application\GameObject\Weapon\Projectile\Entity\Rock.h">
      <Filter>�w�b�_�[ �t�%40�C��</Filter>
    </ClInclude>
    <ClInclude Include="Application\GameObject\Weapon\Projectile\ProjectileStatus.h">
      <Filter>�w�b�_�[ �t�%40�C��</Filter>
    </ClInclude>
    <ClInclude Include="Application\GameObject\Map\MapLimit.h">
      <Filter>�w�b�_�[ �t�%40�C��</Filter>
    </ClInclude>
    <ClInclude Include="Application\GameObject\StatusEffect.h">
      <Filter>�w�b�_�[ �t�%40�C��</Filter>
    </ClInclude>
    <ClInclude Include="Application\GameObject\Item\BaseItem.h">
      <Filter>�w�b�_�[ �t�%40�C��</Filter>
    </ClInclude>
    <ClInclude Include="Application\GameObject\Item\ItemInventry.h">
      <Filter>�w�b�_�[ �t�%40�C��</Filter>
    </ClInclude>
    <ClInclude Include="Application\GameObject\DropObject\DropObject.h">
      <Filter>�w�b�_�[ �t�%40�C��</Filter>
    </ClInclude>
    <ClInclude Include="Application\GameObject\DropObject\DropObjectStatus.h">
      <Filter>�w�b�_�[ �t�%40�C��</Filter>
    </ClInclude>
    <ClInclude Include="Application\GameObject\DropObject\DropObjectManager.h">
      <Filter>�w�b�_�[ �t�%40�C��</Filter>
    </ClInclude>
    <ClInclude Include="Application\GameObject\Weapon\Projectile\Entity\Explotion.h">
      <Filter>�w�b�_�[ �t�%40�C��</Filter>
    </ClInclude>
  </ItemGroup>
</Project>